{
	"name": "docker-debian-bun-test",
	"lockfileVersion": 2,
	"requires": true,
	"packages": {
		"": {
			"name": "docker-debian-bun-test",
			"dependencies": {
				"@types/node": "^18.11.2"
			}
		},
		"node_modules/@types/node": {
			"version": "18.11.2",
			"resolved": "https://registry.npmjs.org/@types/node/-/node-18.11.2.tgz",
			"integrity": "sha512-BWN3M23gLO2jVG8g/XHIRFWiiV4/GckeFIqbU/C4V3xpoBBWSMk4OZomouN0wCkfQFPqgZikyLr7DOYDysIkkw=="
		}
	},
	"dependencies": {
		"@types/node": {
			"version": "18.11.2",
			"resolved": "https://registry.npmjs.org/@types/node/-/node-18.11.2.tgz",
			"integrity": "sha512-BWN3M23gLO2jVG8g/XHIRFWiiV4/GckeFIqbU/C4V3xpoBBWSMk4OZomouN0wCkfQFPqgZikyLr7DOYDysIkkw=="
		}
	}
}
